// !$*UTF8*$!
{
	archiveVersion = 1;
	classes = {
	};
	objectVersion = 50;
	objects = {

/* Begin PBXBuildFile section */
		4A00A0962197415400F46B81 /* SignupViewController.swift in Sources */ = {isa = PBXBuildFile; fileRef = 4A00A0952197415400F46B81 /* SignupViewController.swift */; };
		4A00A098219784D500F46B81 /* GoogleService-Info.plist in Resources */ = {isa = PBXBuildFile; fileRef = 4A00A097219784D400F46B81 /* GoogleService-Info.plist */; };
		4A788C7A2197D0C400BB22DD /* ProfileViewController.swift in Sources */ = {isa = PBXBuildFile; fileRef = 4A788C792197D0C300BB22DD /* ProfileViewController.swift */; };
		4AF6D01D21967EE100FFC392 /* AppDelegate.swift in Sources */ = {isa = PBXBuildFile; fileRef = 4AF6D01C21967EE100FFC392 /* AppDelegate.swift */; };
		4AF6D01F21967EE100FFC392 /* MainViewController.swift in Sources */ = {isa = PBXBuildFile; fileRef = 4AF6D01E21967EE100FFC392 /* MainViewController.swift */; };
		4AF6D02421967EE400FFC392 /* Assets.xcassets in Resources */ = {isa = PBXBuildFile; fileRef = 4AF6D02321967EE400FFC392 /* Assets.xcassets */; };
		4AF6D02721967EE400FFC392 /* LaunchScreen.storyboard in Resources */ = {isa = PBXBuildFile; fileRef = 4AF6D02521967EE400FFC392 /* LaunchScreen.storyboard */; };
		4AF6D03021968D6B00FFC392 /* LoginViewController.swift in Sources */ = {isa = PBXBuildFile; fileRef = 4AF6D02F21968D6A00FFC392 /* LoginViewController.swift */; };
		4AF6D03321968E7400FFC392 /* Extensions.swift in Sources */ = {isa = PBXBuildFile; fileRef = 4AF6D03221968E7400FFC392 /* Extensions.swift */; };
		A55E88209D30700D39A9A7B4 /* Pods_BigSoftyApp.framework in Frameworks */ = {isa = PBXBuildFile; fileRef = A2400A6EA222C09FC3CA0F83 /* Pods_BigSoftyApp.framework */; };
/* End PBXBuildFile section */

/* Begin PBXFileReference section */
		4A00A0952197415400F46B81 /* SignupViewController.swift */ = {isa = PBXFileReference; lastKnownFileType = sourcecode.swift; path = SignupViewController.swift; sourceTree = "<group>"; };
		4A00A097219784D400F46B81 /* GoogleService-Info.plist */ = {isa = PBXFileReference; fileEncoding = 4; lastKnownFileType = text.plist.xml; path = "GoogleService-Info.plist"; sourceTree = "<group>"; };
		4A788C792197D0C300BB22DD /* ProfileViewController.swift */ = {isa = PBXFileReference; lastKnownFileType = sourcecode.swift; path = ProfileViewController.swift; sourceTree = "<group>"; };
		4AF6D01921967EE000FFC392 /* BigSoftyApp.app */ = {isa = PBXFileReference; explicitFileType = wrapper.application; includeInIndex = 0; path = BigSoftyApp.app; sourceTree = BUILT_PRODUCTS_DIR; };
		4AF6D01C21967EE100FFC392 /* AppDelegate.swift */ = {isa = PBXFileReference; lastKnownFileType = sourcecode.swift; path = AppDelegate.swift; sourceTree = "<group>"; };
		4AF6D01E21967EE100FFC392 /* MainViewController.swift */ = {isa = PBXFileReference; lastKnownFileType = sourcecode.swift; path = MainViewController.swift; sourceTree = "<group>"; };
		4AF6D02321967EE400FFC392 /* Assets.xcassets */ = {isa = PBXFileReference; lastKnownFileType = folder.assetcatalog; path = Assets.xcassets; sourceTree = "<group>"; };
		4AF6D02621967EE400FFC392 /* Base */ = {isa = PBXFileReference; lastKnownFileType = file.storyboard; name = Base; path = Base.lproj/LaunchScreen.storyboard; sourceTree = "<group>"; };
		4AF6D02821967EE500FFC392 /* Info.plist */ = {isa = PBXFileReference; lastKnownFileType = text.plist.xml; path = Info.plist; sourceTree = "<group>"; };
		4AF6D02F21968D6A00FFC392 /* LoginViewController.swift */ = {isa = PBXFileReference; lastKnownFileType = sourcecode.swift; path = LoginViewController.swift; sourceTree = "<group>"; };
		4AF6D03221968E7400FFC392 /* Extensions.swift */ = {isa = PBXFileReference; lastKnownFileType = sourcecode.swift; path = Extensions.swift; sourceTree = "<group>"; };
		81293FF0B7554C2E33640D7B /* Pods-BigSoftyApp.debug.xcconfig */ = {isa = PBXFileReference; includeInIndex = 1; lastKnownFileType = text.xcconfig; name = "Pods-BigSoftyApp.debug.xcconfig"; path = "Pods/Target Support Files/Pods-BigSoftyApp/Pods-BigSoftyApp.debug.xcconfig"; sourceTree = "<group>"; };
		A2400A6EA222C09FC3CA0F83 /* Pods_BigSoftyApp.framework */ = {isa = PBXFileReference; explicitFileType = wrapper.framework; includeInIndex = 0; path = Pods_BigSoftyApp.framework; sourceTree = BUILT_PRODUCTS_DIR; };
		F4784C17A6952205C5889498 /* Pods-BigSoftyApp.release.xcconfig */ = {isa = PBXFileReference; includeInIndex = 1; lastKnownFileType = text.xcconfig; name = "Pods-BigSoftyApp.release.xcconfig"; path = "Pods/Target Support Files/Pods-BigSoftyApp/Pods-BigSoftyApp.release.xcconfig"; sourceTree = "<group>"; };
/* End PBXFileReference section */

/* Begin PBXFrameworksBuildPhase section */
		4AF6D01621967EE000FFC392 /* Frameworks */ = {
			isa = PBXFrameworksBuildPhase;
			buildActionMask = 2147483647;
			files = (
				A55E88209D30700D39A9A7B4 /* Pods_BigSoftyApp.framework in Frameworks */,
			);
			runOnlyForDeploymentPostprocessing = 0;
		};
/* End PBXFrameworksBuildPhase section */

/* Begin PBXGroup section */
		4A788C782197D0AD00BB22DD /* Profile */ = {
			isa = PBXGroup;
			children = (
				4A788C792197D0C300BB22DD /* ProfileViewController.swift */,
			);
			path = Profile;
			sourceTree = "<group>";
		};
		4AF6D01021967EE000FFC392 = {
			isa = PBXGroup;
			children = (
				4AF6D01B21967EE000FFC392 /* BigSoftyApp */,
				4AF6D01A21967EE000FFC392 /* Products */,
				E209EE3A5C06417AF42A85C7 /* Pods */,
				A70F1AF9BCD511ED7FF79E0A /* Frameworks */,
			);
			sourceTree = "<group>";
		};
		4AF6D01A21967EE000FFC392 /* Products */ = {
			isa = PBXGroup;
			children = (
				4AF6D01921967EE000FFC392 /* BigSoftyApp.app */,
			);
			name = Products;
			sourceTree = "<group>";
		};
		4AF6D01B21967EE000FFC392 /* BigSoftyApp */ = {
			isa = PBXGroup;
			children = (
				4A788C782197D0AD00BB22DD /* Profile */,
				4AF6D03421969ED500FFC392 /* Login */,
				4AF6D03121968E6400FFC392 /* Helpers */,
				4AF6D02E21967F0D00FFC392 /* Supporting Files */,
				4AF6D01E21967EE100FFC392 /* MainViewController.swift */,
			);
			path = BigSoftyApp;
			sourceTree = "<group>";
		};
		4AF6D02E21967F0D00FFC392 /* Supporting Files */ = {
			isa = PBXGroup;
			children = (
				4AF6D01C21967EE100FFC392 /* AppDelegate.swift */,
				4AF6D02321967EE400FFC392 /* Assets.xcassets */,
				4AF6D02521967EE400FFC392 /* LaunchScreen.storyboard */,
				4AF6D02821967EE500FFC392 /* Info.plist */,
				4A00A097219784D400F46B81 /* GoogleService-Info.plist */,
			);
			path = "Supporting Files";
			sourceTree = "<group>";
		};
		4AF6D03121968E6400FFC392 /* Helpers */ = {
			isa = PBXGroup;
			children = (
				4AF6D03221968E7400FFC392 /* Extensions.swift */,
			);
			path = Helpers;
			sourceTree = "<group>";
		};
		4AF6D03421969ED500FFC392 /* Login */ = {
			isa = PBXGroup;
			children = (
				4AF6D02F21968D6A00FFC392 /* LoginViewController.swift */,
				4A00A0952197415400F46B81 /* SignupViewController.swift */,
			);
			path = Login;
			sourceTree = "<group>";
		};
		A70F1AF9BCD511ED7FF79E0A /* Frameworks */ = {
			isa = PBXGroup;
			children = (
				A2400A6EA222C09FC3CA0F83 /* Pods_BigSoftyApp.framework */,
			);
			name = Frameworks;
			sourceTree = "<group>";
		};
		E209EE3A5C06417AF42A85C7 /* Pods */ = {
			isa = PBXGroup;
			children = (
				81293FF0B7554C2E33640D7B /* Pods-BigSoftyApp.debug.xcconfig */,
				F4784C17A6952205C5889498 /* Pods-BigSoftyApp.release.xcconfig */,
			);
			name = Pods;
			sourceTree = "<group>";
		};
/* End PBXGroup section */

/* Begin PBXNativeTarget section */
		4AF6D01821967EE000FFC392 /* BigSoftyApp */ = {
			isa = PBXNativeTarget;
			buildConfigurationList = 4AF6D02B21967EE500FFC392 /* Build configuration list for PBXNativeTarget "BigSoftyApp" */;
			buildPhases = (
				850538A906FEBB54869FC507 /* [CP] Check Pods Manifest.lock */,
				4AF6D01521967EE000FFC392 /* Sources */,
				4AF6D01621967EE000FFC392 /* Frameworks */,
				4AF6D01721967EE000FFC392 /* Resources */,
				5553C80EA8F95BD403F685E7 /* [CP] Embed Pods Frameworks */,
			);
			buildRules = (
			);
			dependencies = (
			);
			name = BigSoftyApp;
			productName = BigSoftyApp;
			productReference = 4AF6D01921967EE000FFC392 /* BigSoftyApp.app */;
			productType = "com.apple.product-type.application";
		};
/* End PBXNativeTarget section */

/* Begin PBXProject section */
		4AF6D01121967EE000FFC392 /* Project object */ = {
			isa = PBXProject;
			attributes = {
				LastSwiftUpdateCheck = 0940;
				LastUpgradeCheck = 0940;
				ORGANIZATIONNAME = Kailash;
				TargetAttributes = {
					4AF6D01821967EE000FFC392 = {
						CreatedOnToolsVersion = 9.4.1;
					};
				};
			};
			buildConfigurationList = 4AF6D01421967EE000FFC392 /* Build configuration list for PBXProject "BigSoftyApp" */;
			compatibilityVersion = "Xcode 9.3";
			developmentRegion = en;
			hasScannedForEncodings = 0;
			knownRegions = (
				en,
				Base,
			);
			mainGroup = 4AF6D01021967EE000FFC392;
			productRefGroup = 4AF6D01A21967EE000FFC392 /* Products */;
			projectDirPath = "";
			projectRoot = "";
			targets = (
				4AF6D01821967EE000FFC392 /* BigSoftyApp */,
			);
		};
/* End PBXProject section */

/* Begin PBXResourcesBuildPhase section */
		4AF6D01721967EE000FFC392 /* Resources */ = {
			isa = PBXResourcesBuildPhase;
			buildActionMask = 2147483647;
			files = (
				4AF6D02721967EE400FFC392 /* LaunchScreen.storyboard in Resources */,
				4AF6D02421967EE400FFC392 /* Assets.xcassets in Resources */,
				4A00A098219784D500F46B81 /* GoogleService-Info.plist in Resources */,
			);
			runOnlyForDeploymentPostprocessing = 0;
		};
/* End PBXResourcesBuildPhase section */

/* Begin PBXShellScriptBuildPhase section */
		5553C80EA8F95BD403F685E7 /* [CP] Embed Pods Frameworks */ = {
			isa = PBXShellScriptBuildPhase;
			buildActionMask = 2147483647;
			files = (
			);
			inputPaths = (
				"${SRCROOT}/Pods/Target Support Files/Pods-BigSoftyApp/Pods-BigSoftyApp-frameworks.sh",
				"${BUILT_PRODUCTS_DIR}/GTMSessionFetcher/GTMSessionFetcher.framework",
				"${BUILT_PRODUCTS_DIR}/GoogleToolboxForMac/GoogleToolboxForMac.framework",
				"${BUILT_PRODUCTS_DIR}/leveldb-library/leveldb.framework",
				"${BUILT_PRODUCTS_DIR}/nanopb/nanopb.framework",
			);
			name = "[CP] Embed Pods Frameworks";
			outputPaths = (
				"${TARGET_BUILD_DIR}/${FRAMEWORKS_FOLDER_PATH}/GTMSessionFetcher.framework",
				"${TARGET_BUILD_DIR}/${FRAMEWORKS_FOLDER_PATH}/GoogleToolboxForMac.framework",
				"${TARGET_BUILD_DIR}/${FRAMEWORKS_FOLDER_PATH}/leveldb.framework",
				"${TARGET_BUILD_DIR}/${FRAMEWORKS_FOLDER_PATH}/nanopb.framework",
			);
			runOnlyForDeploymentPostprocessing = 0;
			shellPath = /bin/sh;
			shellScript = "\"${SRCROOT}/Pods/Target Support Files/Pods-BigSoftyApp/Pods-BigSoftyApp-frameworks.sh\"\n";
			showEnvVarsInLog = 0;
		};
		850538A906FEBB54869FC507 /* [CP] Check Pods Manifest.lock */ = {
			isa = PBXShellScriptBuildPhase;
			buildActionMask = 2147483647;
			files = (
			);
			inputPaths = (
				"${PODS_PODFILE_DIR_PATH}/Podfile.lock",
				"${PODS_ROOT}/Manifest.lock",
			);
			name = "[CP] Check Pods Manifest.lock";
			outputPaths = (
				"$(DERIVED_FILE_DIR)/Pods-BigSoftyApp-checkManifestLockResult.txt",
			);
			runOnlyForDeploymentPostprocessing = 0;
			shellPath = /bin/sh;
			shellScript = "diff \"${PODS_PODFILE_DIR_PATH}/Podfile.lock\" \"${PODS_ROOT}/Manifest.lock\" > /dev/null\nif [ $? != 0 ] ; then\n    # print error to STDERR\n    echo \"error: The sandbox is not in sync with the Podfile.lock. Run 'pod install' or update your CocoaPods installation.\" >&2\n    exit 1\nfi\n# This output is used by Xcode 'outputs' to avoid re-running this script phase.\necho \"SUCCESS\" > \"${SCRIPT_OUTPUT_FILE_0}\"\n";
			showEnvVarsInLog = 0;
		};
/* End PBXShellScriptBuildPhase section */

/* Begin PBXSourcesBuildPhase section */
		4AF6D01521967EE000FFC392 /* Sources */ = {
			isa = PBXSourcesBuildPhase;
			buildActionMask = 2147483647;
			files = (
				4A788C7A2197D0C400BB22DD /* ProfileViewController.swift in Sources */,
				4AF6D03021968D6B00FFC392 /* LoginViewController.swift in Sources */,
				4AF6D01F21967EE100FFC392 /* MainViewController.swift in Sources */,
				4A00A0962197415400F46B81 /* SignupViewController.swift in Sources */,
				4AF6D01D21967EE100FFC392 /* AppDelegate.swift in Sources */,
				4AF6D03321968E7400FFC392 /* Extensions.swift in Sources */,
			);
			runOnlyForDeploymentPostprocessing = 0;
		};
/* End PBXSourcesBuildPhase section */

/* Begin PBXVariantGroup section */
		4AF6D02521967EE400FFC392 /* LaunchScreen.storyboard */ = {
			isa = PBXVariantGroup;
			children = (
				4AF6D02621967EE400FFC392 /* Base */,
			);
			name = LaunchScreen.storyboard;
			sourceTree = "<group>";
		};
/* End PBXVariantGroup section */

/* Begin XCBuildConfiguration section */
		4AF6D02921967EE500FFC392 /* Debug */ = {
			isa = XCBuildConfiguration;
			buildSettings = {
				ALWAYS_SEARCH_USER_PATHS = NO;
				CLANG_ANALYZER_NONNULL = YES;
				CLANG_ANALYZER_NUMBER_OBJECT_CONVERSION = YES_AGGRESSIVE;
				CLANG_CXX_LANGUAGE_STANDARD = "gnu++14";
				CLANG_CXX_LIBRARY = "libc++";
				CLANG_ENABLE_MODULES = YES;
				CLANG_ENABLE_OBJC_ARC = YES;
				CLANG_ENABLE_OBJC_WEAK = YES;
				CLANG_WARN_BLOCK_CAPTURE_AUTORELEASING = YES;
				CLANG_WARN_BOOL_CONVERSION = YES;
				CLANG_WARN_COMMA = YES;
				CLANG_WARN_CONSTANT_CONVERSION = YES;
				CLANG_WARN_DEPRECATED_OBJC_IMPLEMENTATIONS = YES;
				CLANG_WARN_DIRECT_OBJC_ISA_USAGE = YES_ERROR;
				CLANG_WARN_DOCUMENTATION_COMMENTS = YES;
				CLANG_WARN_EMPTY_BODY = YES;
				CLANG_WARN_ENUM_CONVERSION = YES;
				CLANG_WARN_INFINITE_RECURSION = YES;
				CLANG_WARN_INT_CONVERSION = YES;
				CLANG_WARN_NON_LITERAL_NULL_CONVERSION = YES;
				CLANG_WARN_OBJC_IMPLICIT_RETAIN_SELF = YES;
				CLANG_WARN_OBJC_LITERAL_CONVERSION = YES;
				CLANG_WARN_OBJC_ROOT_CLASS = YES_ERROR;
				CLANG_WARN_RANGE_LOOP_ANALYSIS = YES;
				CLANG_WARN_STRICT_PROTOTYPES = YES;
				CLANG_WARN_SUSPICIOUS_MOVE = YES;
				CLANG_WARN_UNGUARDED_AVAILABILITY = YES_AGGRESSIVE;
				CLANG_WARN_UNREACHABLE_CODE = YES;
				CLANG_WARN__DUPLICATE_METHOD_MATCH = YES;
				CODE_SIGN_IDENTITY = "iPhone Developer";
				COPY_PHASE_STRIP = NO;
				DEBUG_INFORMATION_FORMAT = dwarf;
				ENABLE_STRICT_OBJC_MSGSEND = YES;
				ENABLE_TESTABILITY = YES;
				GCC_C_LANGUAGE_STANDARD = gnu11;
				GCC_DYNAMIC_NO_PIC = NO;
				GCC_NO_COMMON_BLOCKS = YES;
				GCC_OPTIMIZATION_LEVEL = 0;
				GCC_PREPROCESSOR_DEFINITIONS = (
					"DEBUG=1",
					"$(inherited)",
				);
				GCC_WARN_64_TO_32_BIT_CONVERSION = YES;
				GCC_WARN_ABOUT_RETURN_TYPE = YES_ERROR;
				GCC_WARN_UNDECLARED_SELECTOR = YES;
				GCC_WARN_UNINITIALIZED_AUTOS = YES_AGGRESSIVE;
				GCC_WARN_UNUSED_FUNCTION = YES;
				GCC_WARN_UNUSED_VARIABLE = YES;
				IPHONEOS_DEPLOYMENT_TARGET = 11.4;
				MTL_ENABLE_DEBUG_INFO = YES;
				ONLY_ACTIVE_ARCH = YES;
				SDKROOT = iphoneos;
				SWIFT_ACTIVE_COMPILATION_CONDITIONS = DEBUG;
				SWIFT_OPTIMIZATION_LEVEL = "-Onone";
			};
			name = Debug;
		};
		4AF6D02A21967EE500FFC392 /* Release */ = {
			isa = XCBuildConfiguration;
			buildSettings = {
				ALWAYS_SEARCH_USER_PATHS = NO;
				CLANG_ANALYZER_NONNULL = YES;
				CLANG_ANALYZER_NUMBER_OBJECT_CONVERSION = YES_AGGRESSIVE;
				CLANG_CXX_LANGUAGE_STANDARD = "gnu++14";
				CLANG_CXX_LIBRARY = "libc++";
				CLANG_ENABLE_MODULES = YES;
				CLANG_ENABLE_OBJC_ARC = YES;
				CLANG_ENABLE_OBJC_WEAK = YES;
				CLANG_WARN_BLOCK_CAPTURE_AUTORELEASING = YES;
				CLANG_WARN_BOOL_CONVERSION = YES;
				CLANG_WARN_COMMA = YES;
				CLANG_WARN_CONSTANT_CONVERSION = YES;
				CLANG_WARN_DEPRECATED_OBJC_IMPLEMENTATIONS = YES;
				CLANG_WARN_DIRECT_OBJC_ISA_USAGE = YES_ERROR;
				CLANG_WARN_DOCUMENTATION_COMMENTS = YES;
				CLANG_WARN_EMPTY_BODY = YES;
				CLANG_WARN_ENUM_CONVERSION = YES;
				CLANG_WARN_INFINITE_RECURSION = YES;
				CLANG_WARN_INT_CONVERSION = YES;
				CLANG_WARN_NON_LITERAL_NULL_CONVERSION = YES;
				CLANG_WARN_OBJC_IMPLICIT_RETAIN_SELF = YES;
				CLANG_WARN_OBJC_LITERAL_CONVERSION = YES;
				CLANG_WARN_OBJC_ROOT_CLASS = YES_ERROR;
				CLANG_WARN_RANGE_LOOP_ANALYSIS = YES;
				CLANG_WARN_STRICT_PROTOTYPES = YES;
				CLANG_WARN_SUSPICIOUS_MOVE = YES;
				CLANG_WARN_UNGUARDED_AVAILABILITY = YES_AGGRESSIVE;
				CLANG_WARN_UNREACHABLE_CODE = YES;
				CLANG_WARN__DUPLICATE_METHOD_MATCH = YES;
				CODE_SIGN_IDENTITY = "iPhone Developer";
				COPY_PHASE_STRIP = NO;
				DEBUG_INFORMATION_FORMAT = "dwarf-with-dsym";
				ENABLE_NS_ASSERTIONS = NO;
				ENABLE_STRICT_OBJC_MSGSEND = YES;
				GCC_C_LANGUAGE_STANDARD = gnu11;
				GCC_NO_COMMON_BLOCKS = YES;
				GCC_WARN_64_TO_32_BIT_CONVERSION = YES;
				GCC_WARN_ABOUT_RETURN_TYPE = YES_ERROR;
				GCC_WARN_UNDECLARED_SELECTOR = YES;
				GCC_WARN_UNINITIALIZED_AUTOS = YES_AGGRESSIVE;
				GCC_WARN_UNUSED_FUNCTION = YES;
				GCC_WARN_UNUSED_VARIABLE = YES;
				IPHONEOS_DEPLOYMENT_TARGET = 11.4;
				MTL_ENABLE_DEBUG_INFO = NO;
				SDKROOT = iphoneos;
				SWIFT_COMPILATION_MODE = wholemodule;
				SWIFT_OPTIMIZATION_LEVEL = "-O";
				VALIDATE_PRODUCT = YES;
			};
			name = Release;
		};
		4AF6D02C21967EE500FFC392 /* Debug */ = {
			isa = XCBuildConfiguration;
			baseConfigurationReference = 81293FF0B7554C2E33640D7B /* Pods-BigSoftyApp.debug.xcconfig */;
			buildSettings = {
				ASSETCATALOG_COMPILER_APPICON_NAME = AppIcon;
				CODE_SIGN_STYLE = Automatic;
				INFOPLIST_FILE = "$(SRCROOT)/BigSoftyApp/Supporting Files/Info.plist";
				LD_RUNPATH_SEARCH_PATHS = (
					"$(inherited)",
					"@executable_path/Frameworks",
				);
				PRODUCT_BUNDLE_IDENTIFIER = com.kailashrk.bigSofty.BigSoftyApp;
				PRODUCT_NAME = "$(TARGET_NAME)";
				SWIFT_VERSION = 4.0;
				TARGETED_DEVICE_FAMILY = "1,2";
			};
			name = Debug;
		};
		4AF6D02D21967EE500FFC392 /* Release */ = {
			isa = XCBuildConfiguration;
			baseConfigurationReference = F4784C17A6952205C5889498 /* Pods-BigSoftyApp.release.xcconfig */;
			buildSettings = {
				ASSETCATALOG_COMPILER_APPICON_NAME = AppIcon;
				CODE_SIGN_STYLE = Automatic;
				INFOPLIST_FILE = "$(SRCROOT)/BigSoftyApp/Supporting Files/Info.plist";
				LD_RUNPATH_SEARCH_PATHS = (
					"$(inherited)",
					"@executable_path/Frameworks",
				);
				PRODUCT_BUNDLE_IDENTIFIER = com.kailashrk.bigSofty.BigSoftyApp;
				PRODUCT_NAME = "$(TARGET_NAME)";
				SWIFT_VERSION = 4.0;
				TARGETED_DEVICE_FAMILY = "1,2";
			};
			name = Release;
		};
/* End XCBuildConfiguration section */

/* Begin XCConfigurationList section */
		4AF6D01421967EE000FFC392 /* Build configuration list for PBXProject "BigSoftyApp" */ = {
			isa = XCConfigurationList;
			buildConfigurations = (
				4AF6D02921967EE500FFC392 /* Debug */,
				4AF6D02A21967EE500FFC392 /* Release */,
			);
			defaultConfigurationIsVisible = 0;
			defaultConfigurationName = Release;
		};
		4AF6D02B21967EE500FFC392 /* Build configuration list for PBXNativeTarget "BigSoftyApp" */ = {
			isa = XCConfigurationList;
			buildConfigurations = (
				4AF6D02C21967EE500FFC392 /* Debug */,
				4AF6D02D21967EE500FFC392 /* Release */,
			);
			defaultConfigurationIsVisible = 0;
			defaultConfigurationName = Release;
		};
/* End XCConfigurationList section */
	};
	rootObject = 4AF6D01121967EE000FFC392 /* Project object */;
}
